// !$*UTF8*$!
{
	archiveVersion = 1;
	classes = {
	};
	objectVersion = 56;
	objects = {

/* Begin PBXBuildFile section */
		B10000000000000000000001 /* MetalBridge.mm in Sources */ = {isa = PBXBuildFile; fileRef = B20000000000000000000001 /* MetalBridge.mm */; };
/* End PBXBuildFile section */

/* Begin PBXFileReference section */
		B20000000000000000000001 /* MetalBridge.mm */ = {isa = PBXFileReference; lastKnownFileType = sourcecode.cpp.objcpp; path = MetalBridge.mm; sourceTree = "<group>"; };
		B20000000000000000000002 /* MetalBridge.h */ = {isa = PBXFileReference; lastKnownFileType = sourcecode.c.h; path = MetalBridge.h; sourceTree = "<group>"; };
		B20000000000000000000010 /* LaplaceJacobi3D.metal */ = {isa = PBXFileReference; lastKnownFileType = sourcecode.metal; path = LaplaceJacobi3D.metal; sourceTree = "<group>"; };
		B20000000000000000000011 /* GradientMagnitude3D.metal */ = {isa = PBXFileReference; lastKnownFileType = sourcecode.metal; path = GradientMagnitude3D.metal; sourceTree = "<group>"; };
		B20000000000000000000012 /* NormalizeContrast3D.metal */ = {isa = PBXFileReference; lastKnownFileType = sourcecode.metal; path = NormalizeContrast3D.metal; sourceTree = "<group>"; };
		B20000000000000000000013 /* ZeroVoxelBoundary.metal */ = {isa = PBXFileReference; lastKnownFileType = sourcecode.metal; path = ZeroVoxelBoundary.metal; sourceTree = "<group>"; };
		B20000000000000000000014 /* LaplacianConstrained.metal */ = {isa = PBXFileReference; lastKnownFileType = sourcecode.metal; path = LaplacianConstrained.metal; sourceTree = "<group>"; };
		B30000000000000000000001 /* MetalBridge.dylib */ = {isa = PBXFileReference; explicitFileType = "compiled.mach-o.dylib"; includeInIndex = 0; path = MetalBridge.dylib; sourceTree = BUILT_PRODUCTS_DIR; };
/* End PBXFileReference section */

/* Begin PBXFrameworksBuildPhase section */
		B40000000000000000000001 /* Frameworks */ = {
			isa = PBXFrameworksBuildPhase;
			buildActionMask = 2147483647;
			files = (
			);
			runOnlyForDeploymentPostprocessing = 0;
		};
/* End PBXFrameworksBuildPhase section */

/* Begin PBXShellScriptBuildPhase section */
		BC0000000000000000000002 /* Compile Metal library */ = {
			isa = PBXShellScriptBuildPhase;
			buildActionMask = 2147483647;
			files = (
			);
			inputFileListPaths = (
			);
			inputPaths = (
			);
			name = "Compile Metal library";
			outputFileListPaths = (
			);
			outputPaths = (
				"$(SRCROOT)/Kernels/default.metallib",
				"$(CONFIGURATION_BUILD_DIR)/default.metallib",
			);
			runOnlyForDeploymentPostprocessing = 0;
			shellPath = /bin/sh;
			shellScript = "cd \"$SRCROOT\" && /bin/sh ./compile_kernels.sh\n";
		};
/* End PBXShellScriptBuildPhase section */

/* Begin PBXGroup section */
		B50000000000000000000001 = {
			isa = PBXGroup;
			children = (
				B50000000000000000000002 /* Source */,
				B50000000000000000000003 /* Products */,
			);
			sourceTree = "<group>";
		};
		B50000000000000000000002 /* Source */ = {
			isa = PBXGroup;
			children = (
				B20000000000000000000002 /* MetalBridge.h */,
				B20000000000000000000001 /* MetalBridge.mm */,
				B50000000000000000000004 /* Shaders */,
			);
			path = .;
			sourceTree = "<group>";
		};
		B50000000000000000000004 /* Shaders */ = {
			isa = PBXGroup;
			children = (
				B20000000000000000000010 /* LaplaceJacobi3D.metal */,
				B20000000000000000000011 /* GradientMagnitude3D.metal */,
				B20000000000000000000012 /* NormalizeContrast3D.metal */,
				B20000000000000000000013 /* ZeroVoxelBoundary.metal */,
				B20000000000000000000014 /* LaplacianConstrained.metal */,
			);
			path = Shaders;
			sourceTree = "<group>";
		};
		B50000000000000000000003 /* Products */ = {
			isa = PBXGroup;
			children = (
				B30000000000000000000001 /* MetalBridge.dylib */,
			);
			name = Products;
			sourceTree = "<group>";
		};
/* End PBXGroup section */

/* Begin PBXNativeTarget section */
		B60000000000000000000001 /* MetalBridge */ = {
			isa = PBXNativeTarget;
			buildConfigurationList = B70000000000000000000002 /* Build configuration list for PBXNativeTarget "MetalBridge" */;
			buildPhases = (
				B80000000000000000000001 /* Sources */,
				B40000000000000000000001 /* Frameworks */,
				BC0000000000000000000002 /* Compile Metal library */,
			);
			buildRules = (
			);
			dependencies = (
			);
			name = MetalBridge;
			productName = MetalBridge;
			productReference = B30000000000000000000001 /* MetalBridge.dylib */;
			productType = "com.apple.product-type.library.dynamic";
		};
/* End PBXNativeTarget section */

/* Begin PBXProject section */
		B90000000000000000000001 /* Project object */ = {
			isa = PBXProject;
			attributes = {
				BuildIndependentTargetsInParallel = 1;
				LastUpgradeCheck = 1500;
			};
			buildConfigurationList = B70000000000000000000001 /* Build configuration list for PBXProject "MetalBridge" */;
			compatibilityVersion = "Xcode 14.0";
			developmentRegion = en;
			hasScannedForEncodings = 0;
			knownRegions = (
				en,
				Base,
			);
			mainGroup = B50000000000000000000001;
			productRefGroup = B50000000000000000000003 /* Products */;
			projectDirPath = "";
			projectRoot = "";
			targets = (
				B60000000000000000000001 /* MetalBridge */,
			);
		};
/* End PBXProject section */

/* Begin PBXSourcesBuildPhase section */
		B80000000000000000000001 /* Sources */ = {
			isa = PBXSourcesBuildPhase;
			buildActionMask = 2147483647;
			files = (
				B10000000000000000000001 /* MetalBridge.mm in Sources */,
			);
			runOnlyForDeploymentPostprocessing = 0;
		};
/* End PBXSourcesBuildPhase section */

/* Begin XCBuildConfiguration section */
		BA0000000000000000000001 /* Debug project */ = {
			isa = XCBuildConfiguration;
			buildSettings = {
				ALWAYS_SEARCH_USER_PATHS = NO;
				CLANG_ENABLE_OBJC_ARC = YES;
				CODE_SIGN_STYLE = Automatic;
				COPY_PHASE_STRIP = NO;
				DEBUG_INFORMATION_FORMAT = dwarf;
				GCC_C_LANGUAGE_STANDARD = gnu17;
				GCC_DYNAMIC_NO_PIC = NO;
				GCC_OPTIMIZATION_LEVEL = 0;
				MACOSX_DEPLOYMENT_TARGET = 12.0;
				ONLY_ACTIVE_ARCH = YES;
				SDKROOT = macosx;
				SYMROOT = "$(SRCROOT)/build";
			};
			name = Debug;
		};
		BA0000000000000000000002 /* Release project */ = {
			isa = XCBuildConfiguration;
			buildSettings = {
				ALWAYS_SEARCH_USER_PATHS = NO;
				CLANG_ENABLE_OBJC_ARC = YES;
				CODE_SIGN_STYLE = Automatic;
				COPY_PHASE_STRIP = NO;
				DEBUG_INFORMATION_FORMAT = "dwarf-with-dsym";
				GCC_C_LANGUAGE_STANDARD = gnu17;
				MACOSX_DEPLOYMENT_TARGET = 12.0;
				SDKROOT = macosx;
				SYMROOT = "$(SRCROOT)/build";
			};
			name = Release;
		};
		BA0000000000000000000011 /* Debug target */ = {
			isa = XCBuildConfiguration;
			buildSettings = {
				DYLIB_INSTALL_NAME = "@loader_path/MetalBridge.dylib";
				EXECUTABLE_PREFIX = "";
				GCC_OBJC_LEGACY_DISPATCH = YES;
				HEADER_SEARCH_PATHS = (
					"$(SRCROOT)",
				);
				MACH_O_TYPE = mh_dylib;
				OTHER_LDFLAGS = (
					"-framework",
					Metal,
					"-framework",
					Foundation,
				);
				PRODUCT_NAME = "$(TARGET_NAME)";
				SKIP_INSTALL = YES;
			};
			name = Debug;
		};
		BA0000000000000000000012 /* Release target */ = {
			isa = XCBuildConfiguration;
			buildSettings = {
				DYLIB_INSTALL_NAME = "@loader_path/MetalBridge.dylib";
				EXECUTABLE_PREFIX = "";
				GCC_OBJC_LEGACY_DISPATCH = YES;
				HEADER_SEARCH_PATHS = (
					"$(SRCROOT)",
				);
				MACH_O_TYPE = mh_dylib;
				OTHER_LDFLAGS = (
					"-framework",
					Metal,
					"-framework",
					Foundation,
				);
				PRODUCT_NAME = "$(TARGET_NAME)";
				SKIP_INSTALL = YES;
			};
			name = Release;
		};
/* End XCBuildConfiguration section */

/* Begin XCConfigurationList section */
		B70000000000000000000001 /* Build configuration list for PBXProject "MetalBridge" */ = {
			isa = XCConfigurationList;
			buildConfigurations = (
				BA0000000000000000000001 /* Debug project */,
				BA0000000000000000000002 /* Release project */,
			);
			defaultConfigurationIsVisible = 0;
			defaultConfigurationName = Release;
		};
		B70000000000000000000002 /* Build configuration list for PBXNativeTarget "MetalBridge" */ = {
			isa = XCConfigurationList;
			buildConfigurations = (
				BA0000000000000000000011 /* Debug target */,
				BA0000000000000000000012 /* Release target */,
			);
			defaultConfigurationIsVisible = 0;
			defaultConfigurationName = Release;
		};
/* End XCConfigurationList section */
	};
	rootObject = B90000000000000000000001 /* Project object */;
}
